
Microsoft Visual Studio Solution File, Format Version 12.00
# Visual Studio Version 17
VisualStudioVersion = 17.8.34330.188
MinimumVisualStudioVersion = 10.0.40219.1
Project("{2150E333-8FDC-42A3-9474-1A3956D46DE8}") = "src", "src", "{9EFB8C31-9872-48DF-B558-1C7887C23E8B}"
EndProject
Project("{9A19103F-16F7-4668-BE54-9A1E7A4F7556}") = "KitobNur.Domain", "src\KitobNur.Domain\KitobNur.Domain.csproj", "{39EEBB2D-4FC5-42B9-BC6E-D102DA6AA36C}"
EndProject
Project("{9A19103F-16F7-4668-BE54-9A1E7A4F7556}") = "KitobNur.Data", "src\KitobNur.Data\KitobNur.Data.csproj", "{488473E1-B2A4-41E3-B0C3-25CA152109B0}"
EndProject
Project("{9A19103F-16F7-4668-BE54-9A1E7A4F7556}") = "KitobNur.Service", "src\KitobNur.Service\KitobNur.Service.csproj", "{AB1B9715-4BA1-4B0B-8EDE-FD82670A79FD}"
EndProject
Project("{FAE04EC0-301F-11D3-BF4B-00C04F79EFBC}") = "KitobNur.Desktop", "src\KitobNur.Desktop\KitobNur.Desktop.csproj", "{A00C321F-BFBB-47E6-8890-743345419DA8}"
EndProject
Global
	GlobalSection(SolutionConfigurationPlatforms) = preSolution
		Debug|Any CPU = Debug|Any CPU
		Release|Any CPU = Release|Any CPU
	EndGlobalSection
	GlobalSection(ProjectConfigurationPlatforms) = postSolution
		{39EEBB2D-4FC5-42B9-BC6E-D102DA6AA36C}.Debug|Any CPU.ActiveCfg = Debug|Any CPU
		{39EEBB2D-4FC5-42B9-BC6E-D102DA6AA36C}.Debug|Any CPU.Build.0 = Debug|Any CPU
		{39EEBB2D-4FC5-42B9-BC6E-D102DA6AA36C}.Release|Any CPU.ActiveCfg = Release|Any CPU
		{39EEBB2D-4FC5-42B9-BC6E-D102DA6AA36C}.Release|Any CPU.Build.0 = Release|Any CPU
		{488473E1-B2A4-41E3-B0C3-25CA152109B0}.Debug|Any CPU.ActiveCfg = Debug|Any CPU
		{488473E1-B2A4-41E3-B0C3-25CA152109B0}.Debug|Any CPU.Build.0 = Debug|Any CPU
		{488473E1-B2A4-41E3-B0C3-25CA152109B0}.Release|Any CPU.ActiveCfg = Release|Any CPU
		{488473E1-B2A4-41E3-B0C3-25CA152109B0}.Release|Any CPU.Build.0 = Release|Any CPU
		{AB1B9715-4BA1-4B0B-8EDE-FD82670A79FD}.Debug|Any CPU.ActiveCfg = Debug|Any CPU
		{AB1B9715-4BA1-4B0B-8EDE-FD82670A79FD}.Debug|Any CPU.Build.0 = Debug|Any CPU
		{AB1B9715-4BA1-4B0B-8EDE-FD82670A79FD}.Release|Any CPU.ActiveCfg = Release|Any CPU
		{AB1B9715-4BA1-4B0B-8EDE-FD82670A79FD}.Release|Any CPU.Build.0 = Release|Any CPU
		{A00C321F-BFBB-47E6-8890-743345419DA8}.Debug|Any CPU.ActiveCfg = Debug|Any CPU
		{A00C321F-BFBB-47E6-8890-743345419DA8}.Debug|Any CPU.Build.0 = Debug|Any CPU
		{A00C321F-BFBB-47E6-8890-743345419DA8}.Release|Any CPU.ActiveCfg = Release|Any CPU
		{A00C321F-BFBB-47E6-8890-743345419DA8}.Release|Any CPU.Build.0 = Release|Any CPU
	EndGlobalSection
	GlobalSection(SolutionProperties) = preSolution
		HideSolutionNode = FALSE
	EndGlobalSection
	GlobalSection(NestedProjects) = preSolution
		{39EEBB2D-4FC5-42B9-BC6E-D102DA6AA36C} = {9EFB8C31-9872-48DF-B558-1C7887C23E8B}
		{488473E1-B2A4-41E3-B0C3-25CA152109B0} = {9EFB8C31-9872-48DF-B558-1C7887C23E8B}
		{AB1B9715-4BA1-4B0B-8EDE-FD82670A79FD} = {9EFB8C31-9872-48DF-B558-1C7887C23E8B}
		{A00C321F-BFBB-47E6-8890-743345419DA8} = {9EFB8C31-9872-48DF-B558-1C7887C23E8B}
	EndGlobalSection
	GlobalSection(ExtensibilityGlobals) = postSolution
		SolutionGuid = {16EA503C-A804-44CF-BB63-FC0EB35B3361}
	EndGlobalSection
EndGlobal
