
Microsoft Visual Studio Solution File, Format Version 12.00
# Visual Studio Version 17
VisualStudioVersion = 17.8.34330.188
MinimumVisualStudioVersion = 10.0.40219.1
Project("{2150E333-8FDC-42A3-9474-1A3956D46DE8}") = "src", "src", "{9EFB8C31-9872-48DF-B558-1C7887C23E8B}"
EndProject
Project("{FAE04EC0-301F-11D3-BF4B-00C04F79EFBC}") = "KitobNur", "KitobNur\KitobNur.csproj", "{DFE2A049-1266-45FD-A227-6D2FD96FC724}"
EndProject
Global
	GlobalSection(SolutionConfigurationPlatforms) = preSolution
		Debug|Any CPU = Debug|Any CPU
		Release|Any CPU = Release|Any CPU
	EndGlobalSection
	GlobalSection(ProjectConfigurationPlatforms) = postSolution
		{DFE2A049-1266-45FD-A227-6D2FD96FC724}.Debug|Any CPU.ActiveCfg = Debug|Any CPU
		{DFE2A049-1266-45FD-A227-6D2FD96FC724}.Debug|Any CPU.Build.0 = Debug|Any CPU
		{DFE2A049-1266-45FD-A227-6D2FD96FC724}.Release|Any CPU.ActiveCfg = Release|Any CPU
		{DFE2A049-1266-45FD-A227-6D2FD96FC724}.Release|Any CPU.Build.0 = Release|Any CPU
	EndGlobalSection
	GlobalSection(SolutionProperties) = preSolution
		HideSolutionNode = FALSE
	EndGlobalSection
	GlobalSection(NestedProjects) = preSolution
		{DFE2A049-1266-45FD-A227-6D2FD96FC724} = {9EFB8C31-9872-48DF-B558-1C7887C23E8B}
	EndGlobalSection
	GlobalSection(ExtensibilityGlobals) = postSolution
		SolutionGuid = {16EA503C-A804-44CF-BB63-FC0EB35B3361}
	EndGlobalSection
EndGlobal
